
Microsoft Visual Studio Solution File, Format Version 12.00
# Visual Studio 15
VisualStudioVersion = 15.0.28307.902
MinimumVisualStudioVersion = 10.0.40219.1
Project("{FAE04EC0-301F-11D3-BF4B-00C04F79EFBC}") = "sinav", "sinav\sinav.csproj", "{189C3FC8-6D74-44C8-A587-F661A86E46C8}"
EndProject
Global
	GlobalSection(SolutionConfigurationPlatforms) = preSolution
		Debug|Any CPU = Debug|Any CPU
		Release|Any CPU = Release|Any CPU
	EndGlobalSection
	GlobalSection(ProjectConfigurationPlatforms) = postSolution
		{189C3FC8-6D74-44C8-A587-F661A86E46C8}.Debug|Any CPU.ActiveCfg = Debug|Any CPU
		{189C3FC8-6D74-44C8-A587-F661A86E46C8}.Debug|Any CPU.Build.0 = Debug|Any CPU
		{189C3FC8-6D74-44C8-A587-F661A86E46C8}.Release|Any CPU.ActiveCfg = Release|Any CPU
		{189C3FC8-6D74-44C8-A587-F661A86E46C8}.Release|Any CPU.Build.0 = Release|Any CPU
	EndGlobalSection
	GlobalSection(SolutionProperties) = preSolution
		HideSolutionNode = FALSE
	EndGlobalSection
	GlobalSection(ExtensibilityGlobals) = postSolution
		SolutionGuid = {E9EC866E-3FA0-4182-9511-FF4C59316E34}
	EndGlobalSection
EndGlobal
